// !$*UTF8*$!
{
	archiveVersion = 1;
	classes = {
	};
	objectVersion = 77;
	objects = {

/* Begin PBXBuildFile section */
		04B8D03A8E3E4934710104D9 /* Foundation.framework in Frameworks */ = {isa = PBXBuildFile; fileRef = 5B44094F71A7660CD90548D8 /* Foundation.framework */; };
		0F30D7822DEE21F5C1085237 /* ManagedSettings.framework in Frameworks */ = {isa = PBXBuildFile; fileRef = BDA45467CF85B69B202E4283 /* ManagedSettings.framework */; };
		480D45C72F7318F500E5BB27 /* WidgetKit.framework in Frameworks */ = {isa = PBXBuildFile; fileRef = 480D45C62F7318F500E5BB27 /* WidgetKit.framework */; };
		480D45C92F7318F500E5BB27 /* SwiftUI.framework in Frameworks */ = {isa = PBXBuildFile; fileRef = 480D45C82F7318F500E5BB27 /* SwiftUI.framework */; };
		480D45DA2F7318F600E5BB27 /* UnPluqLiveExtension.appex in Embed Foundation Extensions */ = {isa = PBXBuildFile; fileRef = 480D45C42F7318F500E5BB27 /* UnPluqLiveExtension.appex */; settings = {ATTRIBUTES = (RemoveHeadersOnCopy, ); }; };
		481F73132FC66F8E009B45EB /* WidgetKit.framework in Frameworks */ = {isa = PBXBuildFile; fileRef = 480D45C62F7318F500E5BB27 /* WidgetKit.framework */; };
		48625D412F8823180009DDB3 /* WidgetKit.framework in Frameworks */ = {isa = PBXBuildFile; fileRef = 480D45C62F7318F500E5BB27 /* WidgetKit.framework */; };
		48625D422F8823180009DDB3 /* SwiftUI.framework in Frameworks */ = {isa = PBXBuildFile; fileRef = 480D45C82F7318F500E5BB27 /* SwiftUI.framework */; };
		48625D532F8823190009DDB3 /* PicksyWidgetExtension.appex in Embed Foundation Extensions */ = {isa = PBXBuildFile; fileRef = 48625D402F8823180009DDB3 /* PicksyWidgetExtension.appex */; settings = {ATTRIBUTES = (RemoveHeadersOnCopy, ); }; };
		486A3AD22F9AC2A5007DA1F9 /* ActivityBank.swift in Sources */ = {isa = PBXBuildFile; fileRef = 486A3AD12F9AC2A5007DA1F9 /* ActivityBank.swift */; };
		486A3AD32F9AC2A6007DA1F9 /* ActivityBank.swift in Sources */ = {isa = PBXBuildFile; fileRef = 486A3AD12F9AC2A5007DA1F9 /* ActivityBank.swift */; };
		486A3ADA2F9B67D1007DA1F9 /* CityPickerSheet.swift in Sources */ = {isa = PBXBuildFile; fileRef = 486A3AD92F9B67D1007DA1F9 /* CityPickerSheet.swift */; };
		486A3ADB2F9B67D1007DA1F9 /* CitiesDatabase.swift in Sources */ = {isa = PBXBuildFile; fileRef = 486A3AD82F9B67D1007DA1F9 /* CitiesDatabase.swift */; };
		486A3ADC2F9B67D1007DA1F9 /* CityPickerSheet.swift in Sources */ = {isa = PBXBuildFile; fileRef = 486A3AD92F9B67D1007DA1F9 /* CityPickerSheet.swift */; };
		486A3ADD2F9B67D1007DA1F9 /* CitiesDatabase.swift in Sources */ = {isa = PBXBuildFile; fileRef = 486A3AD82F9B67D1007DA1F9 /* CitiesDatabase.swift */; };
		486A3AFA2F9BF015007DA1F9 /* CitiesDatabaseWorld.swift in Sources */ = {isa = PBXBuildFile; fileRef = 486A3AF92F9BF015007DA1F9 /* CitiesDatabaseWorld.swift */; };
		486A3AFB2F9BF015007DA1F9 /* CitiesDatabaseWorld.swift in Sources */ = {isa = PBXBuildFile; fileRef = 486A3AF92F9BF015007DA1F9 /* CitiesDatabaseWorld.swift */; };
		486A3B012F9CE847007DA1F9 /* Lottie in Frameworks */ = {isa = PBXBuildFile; productRef = 486A3B002F9CE847007DA1F9 /* Lottie */; };
		48A870512F9D629800D08642 /* Lottie in Frameworks */ = {isa = PBXBuildFile; productRef = 48A870502F9D629800D08642 /* Lottie */; };
		48A870922F9E3A0300D08642 /* PicksyDeviceReport.appex in Embed ExtensionKit Extensions */ = {isa = PBXBuildFile; fileRef = 48A870862F9E3A0300D08642 /* PicksyDeviceReport.appex */; settings = {ATTRIBUTES = (RemoveHeadersOnCopy, ); }; };
		48A8709A2F9EC7C500D08642 /* FamilyControlsManager.swift in Sources */ = {isa = PBXBuildFile; fileRef = 48A870982F9EC7C000D08642 /* FamilyControlsManager.swift */; };
		48FEF62A2F9ED00800B263E2 /* DeviceActivity.framework in Frameworks */ = {isa = PBXBuildFile; fileRef = 48625D272F8806EF0009DDB3 /* DeviceActivity.framework */; };
		48FEF6322F9ED00800B263E2 /* DeviceActivityMonitor.appex in Embed Foundation Extensions */ = {isa = PBXBuildFile; fileRef = 48FEF6292F9ED00800B263E2 /* DeviceActivityMonitor.appex */; settings = {ATTRIBUTES = (RemoveHeadersOnCopy, ); }; };
		4B58C74A8DB1E43C732193A4 /* PicksyShieldConfig.appex in Embed Foundation Extensions */ = {isa = PBXBuildFile; fileRef = CC83B003629BDEF6E0866B7B /* PicksyShieldConfig.appex */; settings = {ATTRIBUTES = (RemoveHeadersOnCopy, ); }; };
		621F3B82AEC90A5661DEB30A /* ManagedSettings.framework in Frameworks */ = {isa = PBXBuildFile; fileRef = BDA45467CF85B69B202E4283 /* ManagedSettings.framework */; };
		8D62D5288B43644C4410DDED /* PicksyShieldAction.appex in Embed Foundation Extensions */ = {isa = PBXBuildFile; fileRef = 53CC27D228C14C19DC67269E /* PicksyShieldAction.appex */; settings = {ATTRIBUTES = (RemoveHeadersOnCopy, ); }; };
		969C432A68EC0EF788E5C7AA /* ManagedSettingsUI.framework in Frameworks */ = {isa = PBXBuildFile; fileRef = 2A9F9BF33B0AAE40475030AC /* ManagedSettingsUI.framework */; };
		C107081C82E185DE0FB58A20 /* Foundation.framework in Frameworks */ = {isa = PBXBuildFile; fileRef = 5B44094F71A7660CD90548D8 /* Foundation.framework */; };
/* End PBXBuildFile section */

/* Begin PBXContainerItemProxy section */
		42B451E4E659BE5B7A8FB461 /* PBXContainerItemProxy */ = {
			isa = PBXContainerItemProxy;
			containerPortal = 480D45982F72D3DD00E5BB27 /* Project object */;
			proxyType = 1;
			remoteGlobalIDString = 98099D75F132586C215C032B;
			remoteInfo = PicksyShieldConfig;
		};
		480D45D82F7318F600E5BB27 /* PBXContainerItemProxy */ = {
			isa = PBXContainerItemProxy;
			containerPortal = 480D45982F72D3DD00E5BB27 /* Project object */;
			proxyType = 1;
			remoteGlobalIDString = 480D45C32F7318F500E5BB27;
			remoteInfo = UnPluqLiveExtension;
		};
		48625D512F8823190009DDB3 /* PBXContainerItemProxy */ = {
			isa = PBXContainerItemProxy;
			containerPortal = 480D45982F72D3DD00E5BB27 /* Project object */;
			proxyType = 1;
			remoteGlobalIDString = 48625D3F2F8823180009DDB3;
			remoteInfo = PicksyWidgetExtension;
		};
		48A870902F9E3A0300D08642 /* PBXContainerItemProxy */ = {
			isa = PBXContainerItemProxy;
			containerPortal = 480D45982F72D3DD00E5BB27 /* Project object */;
			proxyType = 1;
			remoteGlobalIDString = 48A870852F9E3A0300D08642;
			remoteInfo = PicksyDeviceReport;
		};
		48FEF6302F9ED00800B263E2 /* PBXContainerItemProxy */ = {
			isa = PBXContainerItemProxy;
			containerPortal = 480D45982F72D3DD00E5BB27 /* Project object */;
			proxyType = 1;
			remoteGlobalIDString = 48FEF6282F9ED00800B263E2;
			remoteInfo = DeviceActivityMonitor;
		};
		8060B32854E4F0FA44C330B1 /* PBXContainerItemProxy */ = {
			isa = PBXContainerItemProxy;
			containerPortal = 480D45982F72D3DD00E5BB27 /* Project object */;
			proxyType = 1;
			remoteGlobalIDString = 6A81B9A1AE16149115E802BE;
			remoteInfo = PicksyShieldAction;
		};
/* End PBXContainerItemProxy section */

/* Begin PBXCopyFilesBuildPhase section */
		480D45DF2F7318F600E5BB27 /* Embed Foundation Extensions */ = {
			isa = PBXCopyFilesBuildPhase;
			buildActionMask = 2147483647;
			dstPath = "";
			dstSubfolderSpec = 13;
			files = (
				48FEF6322F9ED00800B263E2 /* DeviceActivityMonitor.appex in Embed Foundation Extensions */,
				48625D532F8823190009DDB3 /* PicksyWidgetExtension.appex in Embed Foundation Extensions */,
				480D45DA2F7318F600E5BB27 /* UnPluqLiveExtension.appex in Embed Foundation Extensions */,
				4B58C74A8DB1E43C732193A4 /* PicksyShieldConfig.appex in Embed Foundation Extensions */,
				8D62D5288B43644C4410DDED /* PicksyShieldAction.appex in Embed Foundation Extensions */,
			);
			name = "Embed Foundation Extensions";
			runOnlyForDeploymentPostprocessing = 0;
		};
		486A3B042F9CE847007DA1F9 /* Embed Frameworks */ = {
			isa = PBXCopyFilesBuildPhase;
			buildActionMask = 2147483647;
			dstPath = "";
			dstSubfolderSpec = 10;
			files = (
			);
			name = "Embed Frameworks";
			runOnlyForDeploymentPostprocessing = 0;
		};
		48A870972F9E3A0300D08642 /* Embed ExtensionKit Extensions */ = {
			isa = PBXCopyFilesBuildPhase;
			buildActionMask = 2147483647;
			dstPath = "$(EXTENSIONS_FOLDER_PATH)";
			dstSubfolderSpec = 16;
			files = (
				48A870922F9E3A0300D08642 /* PicksyDeviceReport.appex in Embed ExtensionKit Extensions */,
			);
			name = "Embed ExtensionKit Extensions";
			runOnlyForDeploymentPostprocessing = 0;
		};
		9D3BBE66998CD535086D69C4 /* Embed Watch Content */ = {
			isa = PBXCopyFilesBuildPhase;
			buildActionMask = 2147483647;
			dstPath = "$(CONTENTS_FOLDER_PATH)/Watch";
			dstSubfolderSpec = 16;
			files = (
			);
			name = "Embed Watch Content";
			runOnlyForDeploymentPostprocessing = 0;
		};
/* End PBXCopyFilesBuildPhase section */

/* Begin PBXFileReference section */
		2A9F9BF33B0AAE40475030AC /* ManagedSettingsUI.framework */ = {isa = PBXFileReference; lastKnownFileType = wrapper.framework; name = ManagedSettingsUI.framework; path = Platforms/iPhoneOS.platform/Developer/SDKs/iPhoneOS18.0.sdk/System/Library/Frameworks/ManagedSettingsUI.framework; sourceTree = DEVELOPER_DIR; };
		480D45A02F72D3DD00E5BB27 /* UnPluq.app */ = {isa = PBXFileReference; explicitFileType = wrapper.application; includeInIndex = 0; path = UnPluq.app; sourceTree = BUILT_PRODUCTS_DIR; };
		480D45C42F7318F500E5BB27 /* UnPluqLiveExtension.appex */ = {isa = PBXFileReference; explicitFileType = "wrapper.app-extension"; includeInIndex = 0; path = UnPluqLiveExtension.appex; sourceTree = BUILT_PRODUCTS_DIR; };
		480D45C62F7318F500E5BB27 /* WidgetKit.framework */ = {isa = PBXFileReference; lastKnownFileType = wrapper.framework; name = WidgetKit.framework; path = System/Library/Frameworks/WidgetKit.framework; sourceTree = SDKROOT; };
		480D45C82F7318F500E5BB27 /* SwiftUI.framework */ = {isa = PBXFileReference; lastKnownFileType = wrapper.framework; name = SwiftUI.framework; path = System/Library/Frameworks/SwiftUI.framework; sourceTree = SDKROOT; };
		4815EB122FD0C1C6006BBA38 /* Picksy Watch Watch App.app */ = {isa = PBXFileReference; explicitFileType = wrapper.application; includeInIndex = 0; path = "Picksy Watch Watch App.app"; sourceTree = BUILT_PRODUCTS_DIR; };
		482BA0642F87BD5800E9E4B8 /* UnPluq.entitlements */ = {isa = PBXFileReference; lastKnownFileType = text.plist.entitlements; path = UnPluq.entitlements; sourceTree = "<group>"; };
		4830B9C82FB210B20025D7BA /* UnPluq-Info.plist */ = {isa = PBXFileReference; lastKnownFileType = text.plist.xml; path = "UnPluq-Info.plist"; sourceTree = "<group>"; };
		48625D272F8806EF0009DDB3 /* DeviceActivity.framework */ = {isa = PBXFileReference; lastKnownFileType = wrapper.framework; name = DeviceActivity.framework; path = System/Library/Frameworks/DeviceActivity.framework; sourceTree = SDKROOT; };
		48625D402F8823180009DDB3 /* PicksyWidgetExtension.appex */ = {isa = PBXFileReference; explicitFileType = "wrapper.app-extension"; includeInIndex = 0; path = PicksyWidgetExtension.appex; sourceTree = BUILT_PRODUCTS_DIR; };
		48625D582F8824D70009DDB3 /* PicksyWidgetExtension.entitlements */ = {isa = PBXFileReference; lastKnownFileType = text.plist.entitlements; path = PicksyWidgetExtension.entitlements; sourceTree = "<group>"; };
		486A3AD12F9AC2A5007DA1F9 /* ActivityBank.swift */ = {isa = PBXFileReference; lastKnownFileType = sourcecode.swift; path = ActivityBank.swift; sourceTree = "<group>"; };
		486A3AD82F9B67D1007DA1F9 /* CitiesDatabase.swift */ = {isa = PBXFileReference; lastKnownFileType = sourcecode.swift; path = CitiesDatabase.swift; sourceTree = "<group>"; };
		486A3AD92F9B67D1007DA1F9 /* CityPickerSheet.swift */ = {isa = PBXFileReference; lastKnownFileType = sourcecode.swift; path = CityPickerSheet.swift; sourceTree = "<group>"; };
		486A3AF92F9BF015007DA1F9 /* CitiesDatabaseWorld.swift */ = {isa = PBXFileReference; lastKnownFileType = sourcecode.swift; path = CitiesDatabaseWorld.swift; sourceTree = "<group>"; };
		48A870862F9E3A0300D08642 /* PicksyDeviceReport.appex */ = {isa = PBXFileReference; explicitFileType = "wrapper.extensionkit-extension"; includeInIndex = 0; path = PicksyDeviceReport.appex; sourceTree = BUILT_PRODUCTS_DIR; };
		48A870982F9EC7C000D08642 /* FamilyControlsManager.swift */ = {isa = PBXFileReference; lastKnownFileType = sourcecode.swift; path = FamilyControlsManager.swift; sourceTree = "<group>"; };
		48FEF6292F9ED00800B263E2 /* DeviceActivityMonitor.appex */ = {isa = PBXFileReference; explicitFileType = "wrapper.app-extension"; includeInIndex = 0; path = DeviceActivityMonitor.appex; sourceTree = BUILT_PRODUCTS_DIR; };
		53CC27D228C14C19DC67269E /* PicksyShieldAction.appex */ = {isa = PBXFileReference; explicitFileType = "wrapper.app-extension"; includeInIndex = 0; path = PicksyShieldAction.appex; sourceTree = BUILT_PRODUCTS_DIR; };
		5B44094F71A7660CD90548D8 /* Foundation.framework */ = {isa = PBXFileReference; lastKnownFileType = wrapper.framework; name = Foundation.framework; path = Platforms/iPhoneOS.platform/Developer/SDKs/iPhoneOS18.0.sdk/System/Library/Frameworks/Foundation.framework; sourceTree = DEVELOPER_DIR; };
		BDA45467CF85B69B202E4283 /* ManagedSettings.framework */ = {isa = PBXFileReference; lastKnownFileType = wrapper.framework; name = ManagedSettings.framework; path = Platforms/iPhoneOS.platform/Developer/SDKs/iPhoneOS18.0.sdk/System/Library/Frameworks/ManagedSettings.framework; sourceTree = DEVELOPER_DIR; };
		CC83B003629BDEF6E0866B7B /* PicksyShieldConfig.appex */ = {isa = PBXFileReference; explicitFileType = "wrapper.app-extension"; includeInIndex = 0; path = PicksyShieldConfig.appex; sourceTree = BUILT_PRODUCTS_DIR; };
/* End PBXFileReference section */

/* Begin PBXFileSystemSynchronizedBuildFileExceptionSet section */
		368C8A8059BB5D520469D27C /* Exceptions for "ShieldAction" folder in "PicksyShieldAction" target */ = {
			isa = PBXFileSystemSynchronizedBuildFileExceptionSet;
			membershipExceptions = (
				Info.plist,
			);
			target = 6A81B9A1AE16149115E802BE /* PicksyShieldAction */;
		};
		482BA0222F85322F00E9E4B8 /* Exceptions for "LiftOff" folder in "UnPluqLiveExtension" target */ = {
			isa = PBXFileSystemSynchronizedBuildFileExceptionSet;
			membershipExceptions = (
				AboutScienceView.swift,
				AppSelectionStore.swift,
				AppsView.swift,
				ContentView.swift,
				DashboardView.swift,
				DuelView.swift,
				FriendsView.swift,
				LiftOffApp.swift,
				LiveActivityManager.swift,
				NudgeView.swift,
				OnboardingView.swift,
				PasscodeManager.swift,
				PasscodeView.swift,
				PickupScheduler.swift,
				Pushnotificationmanager.swift,
				SettingsView.swift,
				ShieldManager.swift,
				UsageInsightView.swift,
				UsageThresholdManager.swift,
				WhatsNewView.swift,
			);
			target = 480D45C32F7318F500E5BB27 /* UnPluqLiveExtension */;
		};
		48625D542F8823190009DDB3 /* Exceptions for "PicksyWidget" folder in "PicksyWidgetExtension" target */ = {
			isa = PBXFileSystemSynchronizedBuildFileExceptionSet;
			membershipExceptions = (
				Info.plist,
			);
			target = 48625D3F2F8823180009DDB3 /* PicksyWidgetExtension */;
		};
		48A870932F9E3A0300D08642 /* Exceptions for "PicksyDeviceReport" folder in "PicksyDeviceReport" target */ = {
			isa = PBXFileSystemSynchronizedBuildFileExceptionSet;
			membershipExceptions = (
				Info.plist,
			);
			target = 48A870852F9E3A0300D08642 /* PicksyDeviceReport */;
		};
		48C04B862F75D27D0041E5CE /* Exceptions for "LiftOffLive" folder in "UnPluqLiveExtension" target */ = {
			isa = PBXFileSystemSynchronizedBuildFileExceptionSet;
			membershipExceptions = (
				Info.plist,
			);
			target = 480D45C32F7318F500E5BB27 /* UnPluqLiveExtension */;
		};
		48FEF6352F9ED00800B263E2 /* Exceptions for "DeviceActivityMonitor" folder in "DeviceActivityMonitor" target */ = {
			isa = PBXFileSystemSynchronizedBuildFileExceptionSet;
			membershipExceptions = (
				Info.plist,
			);
			target = 48FEF6282F9ED00800B263E2 /* DeviceActivityMonitor */;
		};
		9A96C50CDD4B24F94D0E3D16 /* Exceptions for "ShieldConfiguration" folder in "PicksyShieldConfig" target */ = {
			isa = PBXFileSystemSynchronizedBuildFileExceptionSet;
			membershipExceptions = (
				Info.plist,
			);
			target = 98099D75F132586C215C032B /* PicksyShieldConfig */;
		};
/* End PBXFileSystemSynchronizedBuildFileExceptionSet section */

/* Begin PBXFileSystemSynchronizedRootGroup section */
		480D45A22F72D3DD00E5BB27 /* LiftOff */ = {
			isa = PBXFileSystemSynchronizedRootGroup;
			exceptions = (
				482BA0222F85322F00E9E4B8 /* Exceptions for "LiftOff" folder in "UnPluqLiveExtension" target */,
			);
			path = LiftOff;
			sourceTree = "<group>";
		};
		480D45CA2F7318F500E5BB27 /* LiftOffLive */ = {
			isa = PBXFileSystemSynchronizedRootGroup;
			exceptions = (
				48C04B862F75D27D0041E5CE /* Exceptions for "LiftOffLive" folder in "UnPluqLiveExtension" target */,
			);
			path = LiftOffLive;
			sourceTree = "<group>";
		};
		4815EB162FD0C1C6006BBA38 /* Picksy Watch Watch App */ = {
			isa = PBXFileSystemSynchronizedRootGroup;
			exceptions = (
			);
			path = "Picksy Watch Watch App";
			sourceTree = "<group>";
		};
		48625D432F8823180009DDB3 /* PicksyWidget */ = {
			isa = PBXFileSystemSynchronizedRootGroup;
			exceptions = (
				48625D542F8823190009DDB3 /* Exceptions for "PicksyWidget" folder in "PicksyWidgetExtension" target */,
			);
			path = PicksyWidget;
			sourceTree = "<group>";
		};
		48A870872F9E3A0300D08642 /* PicksyDeviceReport */ = {
			isa = PBXFileSystemSynchronizedRootGroup;
			exceptions = (
				48A870932F9E3A0300D08642 /* Exceptions for "PicksyDeviceReport" folder in "PicksyDeviceReport" target */,
			);
			path = PicksyDeviceReport;
			sourceTree = "<group>";
		};
		48FEF62B2F9ED00800B263E2 /* DeviceActivityMonitor */ = {
			isa = PBXFileSystemSynchronizedRootGroup;
			exceptions = (
				48FEF6352F9ED00800B263E2 /* Exceptions for "DeviceActivityMonitor" folder in "DeviceActivityMonitor" target */,
			);
			path = DeviceActivityMonitor;
			sourceTree = "<group>";
		};
		A03F3E068B97284E3627E47A /* ShieldAction */ = {
			isa = PBXFileSystemSynchronizedRootGroup;
			exceptions = (
				368C8A8059BB5D520469D27C /* Exceptions for "ShieldAction" folder in "PicksyShieldAction" target */,
			);
			path = ShieldAction;
			sourceTree = "<group>";
		};
		C52EF2B2E65429C0753CEC5B /* ShieldConfiguration */ = {
			isa = PBXFileSystemSynchronizedRootGroup;
			exceptions = (
				9A96C50CDD4B24F94D0E3D16 /* Exceptions for "ShieldConfiguration" folder in "PicksyShieldConfig" target */,
			);
			path = ShieldConfiguration;
			sourceTree = "<group>";
		};
/* End PBXFileSystemSynchronizedRootGroup section */

/* Begin PBXFrameworksBuildPhase section */
		001D00D4EECC823E601062F7 /* Frameworks */ = {
			isa = PBXFrameworksBuildPhase;
			buildActionMask = 2147483647;
			files = (
				C107081C82E185DE0FB58A20 /* Foundation.framework in Frameworks */,
				0F30D7822DEE21F5C1085237 /* ManagedSettings.framework in Frameworks */,
				969C432A68EC0EF788E5C7AA /* ManagedSettingsUI.framework in Frameworks */,
			);
			runOnlyForDeploymentPostprocessing = 0;
		};
		1B013B0F20C0BBA4BFBE4CFA /* Frameworks */ = {
			isa = PBXFrameworksBuildPhase;
			buildActionMask = 2147483647;
			files = (
				04B8D03A8E3E4934710104D9 /* Foundation.framework in Frameworks */,
				621F3B82AEC90A5661DEB30A /* ManagedSettings.framework in Frameworks */,
			);
			runOnlyForDeploymentPostprocessing = 0;
		};
		480D459D2F72D3DD00E5BB27 /* Frameworks */ = {
			isa = PBXFrameworksBuildPhase;
			buildActionMask = 2147483647;
			files = (
				486A3B012F9CE847007DA1F9 /* Lottie in Frameworks */,
			);
			runOnlyForDeploymentPostprocessing = 0;
		};
		480D45C12F7318F500E5BB27 /* Frameworks */ = {
			isa = PBXFrameworksBuildPhase;
			buildActionMask = 2147483647;
			files = (
				480D45C92F7318F500E5BB27 /* SwiftUI.framework in Frameworks */,
				480D45C72F7318F500E5BB27 /* WidgetKit.framework in Frameworks */,
				48A870512F9D629800D08642 /* Lottie in Frameworks */,
			);
			runOnlyForDeploymentPostprocessing = 0;
		};
		4815EB0F2FD0C1C6006BBA38 /* Frameworks */ = {
			isa = PBXFrameworksBuildPhase;
			buildActionMask = 2147483647;
			files = (
			);
			runOnlyForDeploymentPostprocessing = 0;
		};
		48625D3D2F8823180009DDB3 /* Frameworks */ = {
			isa = PBXFrameworksBuildPhase;
			buildActionMask = 2147483647;
			files = (
				48625D422F8823180009DDB3 /* SwiftUI.framework in Frameworks */,
				48625D412F8823180009DDB3 /* WidgetKit.framework in Frameworks */,
			);
			runOnlyForDeploymentPostprocessing = 0;
		};
		48A870832F9E3A0300D08642 /* Frameworks */ = {
			isa = PBXFrameworksBuildPhase;
			buildActionMask = 2147483647;
			files = (
			);
			runOnlyForDeploymentPostprocessing = 0;
		};
		48FEF6262F9ED00800B263E2 /* Frameworks */ = {
			isa = PBXFrameworksBuildPhase;
			buildActionMask = 2147483647;
			files = (
				48FEF62A2F9ED00800B263E2 /* DeviceActivity.framework in Frameworks */,
				481F73132FC66F8E009B45EB /* WidgetKit.framework in Frameworks */,
			);
			runOnlyForDeploymentPostprocessing = 0;
		};
/* End PBXFrameworksBuildPhase section */

/* Begin PBXGroup section */
		480D45972F72D3DD00E5BB27 = {
			isa = PBXGroup;
			children = (
				4830B9C82FB210B20025D7BA /* UnPluq-Info.plist */,
				48A870982F9EC7C000D08642 /* FamilyControlsManager.swift */,
				486A3AF92F9BF015007DA1F9 /* CitiesDatabaseWorld.swift */,
				486A3AD82F9B67D1007DA1F9 /* CitiesDatabase.swift */,
				486A3AD92F9B67D1007DA1F9 /* CityPickerSheet.swift */,
				486A3AD12F9AC2A5007DA1F9 /* ActivityBank.swift */,
				48625D582F8824D70009DDB3 /* PicksyWidgetExtension.entitlements */,
				482BA0642F87BD5800E9E4B8 /* UnPluq.entitlements */,
				480D45A22F72D3DD00E5BB27 /* LiftOff */,
				480D45CA2F7318F500E5BB27 /* LiftOffLive */,
				48625D432F8823180009DDB3 /* PicksyWidget */,
				48A870872F9E3A0300D08642 /* PicksyDeviceReport */,
				48FEF62B2F9ED00800B263E2 /* DeviceActivityMonitor */,
				4815EB162FD0C1C6006BBA38 /* Picksy Watch Watch App */,
				480D45C52F7318F500E5BB27 /* Frameworks */,
				480D45A12F72D3DD00E5BB27 /* Products */,
				48DE32F52FD0CCFD00D76F1D /* Recovered References */,
				C52EF2B2E65429C0753CEC5B /* ShieldConfiguration */,
				A03F3E068B97284E3627E47A /* ShieldAction */,
			);
			sourceTree = "<group>";
		};
		480D45A12F72D3DD00E5BB27 /* Products */ = {
			isa = PBXGroup;
			children = (
				480D45A02F72D3DD00E5BB27 /* UnPluq.app */,
				480D45C42F7318F500E5BB27 /* UnPluqLiveExtension.appex */,
				48625D402F8823180009DDB3 /* PicksyWidgetExtension.appex */,
				48A870862F9E3A0300D08642 /* PicksyDeviceReport.appex */,
				48FEF6292F9ED00800B263E2 /* DeviceActivityMonitor.appex */,
				CC83B003629BDEF6E0866B7B /* PicksyShieldConfig.appex */,
				53CC27D228C14C19DC67269E /* PicksyShieldAction.appex */,
			);
			name = Products;
			sourceTree = "<group>";
		};
		480D45C52F7318F500E5BB27 /* Frameworks */ = {
			isa = PBXGroup;
			children = (
				480D45C62F7318F500E5BB27 /* WidgetKit.framework */,
				480D45C82F7318F500E5BB27 /* SwiftUI.framework */,
				48625D272F8806EF0009DDB3 /* DeviceActivity.framework */,
				ED52E57F3C0222CA143BEFDC /* iOS */,
			);
			name = Frameworks;
			sourceTree = "<group>";
		};
		48DE32F52FD0CCFD00D76F1D /* Recovered References */ = {
			isa = PBXGroup;
			children = (
				4815EB122FD0C1C6006BBA38 /* Picksy Watch Watch App.app */,
			);
			name = "Recovered References";
			sourceTree = "<group>";
		};
		ED52E57F3C0222CA143BEFDC /* iOS */ = {
			isa = PBXGroup;
			children = (
				5B44094F71A7660CD90548D8 /* Foundation.framework */,
				BDA45467CF85B69B202E4283 /* ManagedSettings.framework */,
				2A9F9BF33B0AAE40475030AC /* ManagedSettingsUI.framework */,
			);
			name = iOS;
			sourceTree = "<group>";
		};
/* End PBXGroup section */

/* Begin PBXNativeTarget section */
		480D459F2F72D3DD00E5BB27 /* UnPluq */ = {
			isa = PBXNativeTarget;
			buildConfigurationList = 480D45AB2F72D3DE00E5BB27 /* Build configuration list for PBXNativeTarget "UnPluq" */;
			buildPhases = (
				480D459C2F72D3DD00E5BB27 /* Sources */,
				480D459D2F72D3DD00E5BB27 /* Frameworks */,
				480D459E2F72D3DD00E5BB27 /* Resources */,
				480D45DF2F7318F600E5BB27 /* Embed Foundation Extensions */,
				486A3B042F9CE847007DA1F9 /* Embed Frameworks */,
				48A870972F9E3A0300D08642 /* Embed ExtensionKit Extensions */,
				9D3BBE66998CD535086D69C4 /* Embed Watch Content */,
			);
			buildRules = (
			);
			dependencies = (
				480D45D92F7318F600E5BB27 /* PBXTargetDependency */,
				48625D522F8823190009DDB3 /* PBXTargetDependency */,
				48A870912F9E3A0300D08642 /* PBXTargetDependency */,
				48FEF6312F9ED00800B263E2 /* PBXTargetDependency */,
				8C26BC20B5A87B1AE1B28F94 /* PBXTargetDependency */,
				47092EEC01E754A8E96F2FEB /* PBXTargetDependency */,
			);
			fileSystemSynchronizedGroups = (
				480D45A22F72D3DD00E5BB27 /* LiftOff */,
			);
			name = UnPluq;
			packageProductDependencies = (
				486A3B002F9CE847007DA1F9 /* Lottie */,
			);
			productName = UnPluq;
			productReference = 480D45A02F72D3DD00E5BB27 /* UnPluq.app */;
			productType = "com.apple.product-type.application";
		};
		480D45C32F7318F500E5BB27 /* UnPluqLiveExtension */ = {
			isa = PBXNativeTarget;
			buildConfigurationList = 480D45DC2F7318F600E5BB27 /* Build configuration list for PBXNativeTarget "UnPluqLiveExtension" */;
			buildPhases = (
				480D45C02F7318F500E5BB27 /* Sources */,
				480D45C12F7318F500E5BB27 /* Frameworks */,
				480D45C22F7318F500E5BB27 /* Resources */,
			);
			buildRules = (
			);
			dependencies = (
			);
			fileSystemSynchronizedGroups = (
				480D45A22F72D3DD00E5BB27 /* LiftOff */,
				480D45CA2F7318F500E5BB27 /* LiftOffLive */,
			);
			name = UnPluqLiveExtension;
			packageProductDependencies = (
				48A870502F9D629800D08642 /* Lottie */,
			);
			productName = UnPluqLiveExtension;
			productReference = 480D45C42F7318F500E5BB27 /* UnPluqLiveExtension.appex */;
			productType = "com.apple.product-type.app-extension";
		};
		4815EB112FD0C1C6006BBA38 /* Picksy Watch Watch App */ = {
			isa = PBXNativeTarget;
			buildConfigurationList = 4815EB222FD0C1C7006BBA38 /* Build configuration list for PBXNativeTarget "Picksy Watch Watch App" */;
			buildPhases = (
				4815EB0E2FD0C1C6006BBA38 /* Sources */,
				4815EB0F2FD0C1C6006BBA38 /* Frameworks */,
				4815EB102FD0C1C6006BBA38 /* Resources */,
			);
			buildRules = (
			);
			dependencies = (
			);
			fileSystemSynchronizedGroups = (
				4815EB162FD0C1C6006BBA38 /* Picksy Watch Watch App */,
			);
			name = "Picksy Watch Watch App";
			productName = "Picksy Watch Watch App";
			productReference = 4815EB122FD0C1C6006BBA38 /* Picksy Watch Watch App.app */;
			productType = "com.apple.product-type.application";
		};
		48625D3F2F8823180009DDB3 /* PicksyWidgetExtension */ = {
			isa = PBXNativeTarget;
			buildConfigurationList = 48625D552F8823190009DDB3 /* Build configuration list for PBXNativeTarget "PicksyWidgetExtension" */;
			buildPhases = (
				48625D3C2F8823180009DDB3 /* Sources */,
				48625D3D2F8823180009DDB3 /* Frameworks */,
				48625D3E2F8823180009DDB3 /* Resources */,
			);
			buildRules = (
			);
			dependencies = (
			);
			fileSystemSynchronizedGroups = (
				48625D432F8823180009DDB3 /* PicksyWidget */,
			);
			name = PicksyWidgetExtension;
			productName = PicksyWidgetExtension;
			productReference = 48625D402F8823180009DDB3 /* PicksyWidgetExtension.appex */;
			productType = "com.apple.product-type.app-extension";
		};
		48A870852F9E3A0300D08642 /* PicksyDeviceReport */ = {
			isa = PBXNativeTarget;
			buildConfigurationList = 48A870942F9E3A0300D08642 /* Build configuration list for PBXNativeTarget "PicksyDeviceReport" */;
			buildPhases = (
				48A870822F9E3A0300D08642 /* Sources */,
				48A870832F9E3A0300D08642 /* Frameworks */,
				48A870842F9E3A0300D08642 /* Resources */,
			);
			buildRules = (
			);
			dependencies = (
			);
			fileSystemSynchronizedGroups = (
				48A870872F9E3A0300D08642 /* PicksyDeviceReport */,
			);
			name = PicksyDeviceReport;
			productName = PicksyDeviceReport;
			productReference = 48A870862F9E3A0300D08642 /* PicksyDeviceReport.appex */;
			productType = "com.apple.product-type.extensionkit-extension";
		};
		48FEF6282F9ED00800B263E2 /* DeviceActivityMonitor */ = {
			isa = PBXNativeTarget;
			buildConfigurationList = 48FEF6362F9ED00800B263E2 /* Build configuration list for PBXNativeTarget "DeviceActivityMonitor" */;
			buildPhases = (
				48FEF6252F9ED00800B263E2 /* Sources */,
				48FEF6262F9ED00800B263E2 /* Frameworks */,
				48FEF6272F9ED00800B263E2 /* Resources */,
			);
			buildRules = (
			);
			dependencies = (
			);
			fileSystemSynchronizedGroups = (
				48FEF62B2F9ED00800B263E2 /* DeviceActivityMonitor */,
			);
			name = DeviceActivityMonitor;
			productName = DeviceActivityMonitor;
			productReference = 48FEF6292F9ED00800B263E2 /* DeviceActivityMonitor.appex */;
			productType = "com.apple.product-type.app-extension";
		};
		6A81B9A1AE16149115E802BE /* PicksyShieldAction */ = {
			isa = PBXNativeTarget;
			buildConfigurationList = 9CB39D7DEF7545A60F4AB0AF /* Build configuration list for PBXNativeTarget "PicksyShieldAction" */;
			buildPhases = (
				61F99D890159CBC804F53481 /* Sources */,
				1B013B0F20C0BBA4BFBE4CFA /* Frameworks */,
				EC7ACBCA08D85ECA36022994 /* Resources */,
			);
			buildRules = (
			);
			dependencies = (
			);
			fileSystemSynchronizedGroups = (
				A03F3E068B97284E3627E47A /* ShieldAction */,
			);
			name = PicksyShieldAction;
			productName = PicksyShieldAction;
			productReference = 53CC27D228C14C19DC67269E /* PicksyShieldAction.appex */;
			productType = "com.apple.product-type.app-extension";
		};
		98099D75F132586C215C032B /* PicksyShieldConfig */ = {
			isa = PBXNativeTarget;
			buildConfigurationList = F4FF88787C8807D464A0F04F /* Build configuration list for PBXNativeTarget "PicksyShieldConfig" */;
			buildPhases = (
				411F4D8CEB7ABDA8F394DC94 /* Sources */,
				001D00D4EECC823E601062F7 /* Frameworks */,
				D1F98D2AE697AC1B98865E57 /* Resources */,
			);
			buildRules = (
			);
			dependencies = (
			);
			fileSystemSynchronizedGroups = (
				C52EF2B2E65429C0753CEC5B /* ShieldConfiguration */,
			);
			name = PicksyShieldConfig;
			productName = PicksyShieldConfig;
			productReference = CC83B003629BDEF6E0866B7B /* PicksyShieldConfig.appex */;
			productType = "com.apple.product-type.app-extension";
		};
/* End PBXNativeTarget section */

/* Begin PBXProject section */
		480D45982F72D3DD00E5BB27 /* Project object */ = {
			isa = PBXProject;
			attributes = {
				BuildIndependentTargetsInParallel = 1;
				LastSwiftUpdateCheck = 2650;
				LastUpgradeCheck = 2640;
				TargetAttributes = {
					480D459F2F72D3DD00E5BB27 = {
						CreatedOnToolsVersion = 26.3;
					};
					480D45C32F7318F500E5BB27 = {
						CreatedOnToolsVersion = 26.3;
					};
					4815EB112FD0C1C6006BBA38 = {
						CreatedOnToolsVersion = 26.5;
					};
					48625D3F2F8823180009DDB3 = {
						CreatedOnToolsVersion = 26.4;
					};
					48A870852F9E3A0300D08642 = {
						CreatedOnToolsVersion = 26.4.1;
					};
					48FEF6282F9ED00800B263E2 = {
						CreatedOnToolsVersion = 26.4.1;
					};
				};
			};
			buildConfigurationList = 480D459B2F72D3DD00E5BB27 /* Build configuration list for PBXProject "LiftOff" */;
			developmentRegion = en;
			hasScannedForEncodings = 0;
			knownRegions = (
				en,
				Base,
			);
			mainGroup = 480D45972F72D3DD00E5BB27;
			minimizedProjectReferenceProxies = 1;
			packageReferences = (
				486A3AFC2F9CE5CD007DA1F9 /* XCRemoteSwiftPackageReference "lottie-ios" */,
			);
			preferredProjectObjectVersion = 77;
			productRefGroup = 480D45A12F72D3DD00E5BB27 /* Products */;
			projectDirPath = "";
			projectRoot = "";
			targets = (
				480D459F2F72D3DD00E5BB27 /* UnPluq */,
				480D45C32F7318F500E5BB27 /* UnPluqLiveExtension */,
				48625D3F2F8823180009DDB3 /* PicksyWidgetExtension */,
				48A870852F9E3A0300D08642 /* PicksyDeviceReport */,
				48FEF6282F9ED00800B263E2 /* DeviceActivityMonitor */,
				4815EB112FD0C1C6006BBA38 /* Picksy Watch Watch App */,
				98099D75F132586C215C032B /* PicksyShieldConfig */,
				6A81B9A1AE16149115E802BE /* PicksyShieldAction */,
			);
		};
/* End PBXProject section */

/* Begin PBXResourcesBuildPhase section */
		480D459E2F72D3DD00E5BB27 /* Resources */ = {
			isa = PBXResourcesBuildPhase;
			buildActionMask = 2147483647;
			files = (
			);
			runOnlyForDeploymentPostprocessing = 0;
		};
		480D45C22F7318F500E5BB27 /* Resources */ = {
			isa = PBXResourcesBuildPhase;
			buildActionMask = 2147483647;
			files = (
			);
			runOnlyForDeploymentPostprocessing = 0;
		};
		4815EB102FD0C1C6006BBA38 /* Resources */ = {
			isa = PBXResourcesBuildPhase;
			buildActionMask = 2147483647;
			files = (
			);
			runOnlyForDeploymentPostprocessing = 0;
		};
		48625D3E2F8823180009DDB3 /* Resources */ = {
			isa = PBXResourcesBuildPhase;
			buildActionMask = 2147483647;
			files = (
			);
			runOnlyForDeploymentPostprocessing = 0;
		};
		48A870842F9E3A0300D08642 /* Resources */ = {
			isa = PBXResourcesBuildPhase;
			buildActionMask = 2147483647;
			files = (
			);
			runOnlyForDeploymentPostprocessing = 0;
		};
		48FEF6272F9ED00800B263E2 /* Resources */ = {
			isa = PBXResourcesBuildPhase;
			buildActionMask = 2147483647;
			files = (
			);
			runOnlyForDeploymentPostprocessing = 0;
		};
		D1F98D2AE697AC1B98865E57 /* Resources */ = {
			isa = PBXResourcesBuildPhase;
			buildActionMask = 2147483647;
			files = (
			);
			runOnlyForDeploymentPostprocessing = 0;
		};
		EC7ACBCA08D85ECA36022994 /* Resources */ = {
			isa = PBXResourcesBuildPhase;
			buildActionMask = 2147483647;
			files = (
			);
			runOnlyForDeploymentPostprocessing = 0;
		};
/* End PBXResourcesBuildPhase section */

/* Begin PBXSourcesBuildPhase section */
		411F4D8CEB7ABDA8F394DC94 /* Sources */ = {
			isa = PBXSourcesBuildPhase;
			buildActionMask = 2147483647;
			files = (
			);
			runOnlyForDeploymentPostprocessing = 0;
		};
		480D459C2F72D3DD00E5BB27 /* Sources */ = {
			isa = PBXSourcesBuildPhase;
			buildActionMask = 2147483647;
			files = (
				486A3ADA2F9B67D1007DA1F9 /* CityPickerSheet.swift in Sources */,
				486A3ADB2F9B67D1007DA1F9 /* CitiesDatabase.swift in Sources */,
				486A3AFB2F9BF015007DA1F9 /* CitiesDatabaseWorld.swift in Sources */,
				486A3AD32F9AC2A6007DA1F9 /* ActivityBank.swift in Sources */,
				48A8709A2F9EC7C500D08642 /* FamilyControlsManager.swift in Sources */,
			);
			runOnlyForDeploymentPostprocessing = 0;
		};
		480D45C02F7318F500E5BB27 /* Sources */ = {
			isa = PBXSourcesBuildPhase;
			buildActionMask = 2147483647;
			files = (
				486A3AFA2F9BF015007DA1F9 /* CitiesDatabaseWorld.swift in Sources */,
				486A3AD22F9AC2A5007DA1F9 /* ActivityBank.swift in Sources */,
				486A3ADC2F9B67D1007DA1F9 /* CityPickerSheet.swift in Sources */,
				486A3ADD2F9B67D1007DA1F9 /* CitiesDatabase.swift in Sources */,
			);
			runOnlyForDeploymentPostprocessing = 0;
		};
		4815EB0E2FD0C1C6006BBA38 /* Sources */ = {
			isa = PBXSourcesBuildPhase;
			buildActionMask = 2147483647;
			files = (
			);
			runOnlyForDeploymentPostprocessing = 0;
		};
		48625D3C2F8823180009DDB3 /* Sources */ = {
			isa = PBXSourcesBuildPhase;
			buildActionMask = 2147483647;
			files = (
			);
			runOnlyForDeploymentPostprocessing = 0;
		};
		48A870822F9E3A0300D08642 /* Sources */ = {
			isa = PBXSourcesBuildPhase;
			buildActionMask = 2147483647;
			files = (
			);
			runOnlyForDeploymentPostprocessing = 0;
		};
		48FEF6252F9ED00800B263E2 /* Sources */ = {
			isa = PBXSourcesBuildPhase;
			buildActionMask = 2147483647;
			files = (
			);
			runOnlyForDeploymentPostprocessing = 0;
		};
		61F99D890159CBC804F53481 /* Sources */ = {
			isa = PBXSourcesBuildPhase;
			buildActionMask = 2147483647;
			files = (
			);
			runOnlyForDeploymentPostprocessing = 0;
		};
/* End PBXSourcesBuildPhase section */

/* Begin PBXTargetDependency section */
		47092EEC01E754A8E96F2FEB /* PBXTargetDependency */ = {
			isa = PBXTargetDependency;
			name = PicksyShieldAction;
			target = 6A81B9A1AE16149115E802BE /* PicksyShieldAction */;
			targetProxy = 8060B32854E4F0FA44C330B1 /* PBXContainerItemProxy */;
		};
		480D45D92F7318F600E5BB27 /* PBXTargetDependency */ = {
			isa = PBXTargetDependency;
			target = 480D45C32F7318F500E5BB27 /* UnPluqLiveExtension */;
			targetProxy = 480D45D82F7318F600E5BB27 /* PBXContainerItemProxy */;
		};
		48625D522F8823190009DDB3 /* PBXTargetDependency */ = {
			isa = PBXTargetDependency;
			target = 48625D3F2F8823180009DDB3 /* PicksyWidgetExtension */;
			targetProxy = 48625D512F8823190009DDB3 /* PBXContainerItemProxy */;
		};
		48A870912F9E3A0300D08642 /* PBXTargetDependency */ = {
			isa = PBXTargetDependency;
			target = 48A870852F9E3A0300D08642 /* PicksyDeviceReport */;
			targetProxy = 48A870902F9E3A0300D08642 /* PBXContainerItemProxy */;
		};
		48FEF6312F9ED00800B263E2 /* PBXTargetDependency */ = {
			isa = PBXTargetDependency;
			target = 48FEF6282F9ED00800B263E2 /* DeviceActivityMonitor */;
			targetProxy = 48FEF6302F9ED00800B263E2 /* PBXContainerItemProxy */;
		};
		8C26BC20B5A87B1AE1B28F94 /* PBXTargetDependency */ = {
			isa = PBXTargetDependency;
			name = PicksyShieldConfig;
			target = 98099D75F132586C215C032B /* PicksyShieldConfig */;
			targetProxy = 42B451E4E659BE5B7A8FB461 /* PBXContainerItemProxy */;
		};
/* End PBXTargetDependency section */

/* Begin XCBuildConfiguration section */
		47C9E8988622BAFFBBF23AFD /* Release */ = {
			isa = XCBuildConfiguration;
			buildSettings = {
				CODE_SIGN_ENTITLEMENTS = ShieldAction/ShieldAction.entitlements;
				CODE_SIGN_STYLE = Automatic;
				CURRENT_PROJECT_VERSION = 21;
				GENERATE_INFOPLIST_FILE = YES;
				INFOPLIST_FILE = ShieldAction/Info.plist;
				INFOPLIST_KEY_CFBundleDisplayName = DeviceActivityMonitor;
				INFOPLIST_KEY_NSHumanReadableCopyright = "";
				IPHONEOS_DEPLOYMENT_TARGET = 26.4;
				LD_RUNPATH_SEARCH_PATHS = (
					"$(inherited)",
					"@executable_path/Frameworks",
					"@executable_path/../../Frameworks",
				);
				MARKETING_VERSION = 2.0;
				PRODUCT_BUNDLE_IDENTIFIER = fotiospongas.dev.UnPluq.ShieldAction;
				PRODUCT_NAME = "$(TARGET_NAME)";
				SKIP_INSTALL = YES;
				STRING_CATALOG_GENERATE_SYMBOLS = YES;
				SWIFT_APPROACHABLE_CONCURRENCY = YES;
				SWIFT_EMIT_LOC_STRINGS = YES;
				SWIFT_UPCOMING_FEATURE_MEMBER_IMPORT_VISIBILITY = YES;
				SWIFT_VERSION = 5.0;
				TARGETED_DEVICE_FAMILY = "1,2";
			};
			name = Release;
		};
		480D45A92F72D3DE00E5BB27 /* Debug */ = {
			isa = XCBuildConfiguration;
			buildSettings = {
				ALWAYS_SEARCH_USER_PATHS = NO;
				ASSETCATALOG_COMPILER_GENERATE_SWIFT_ASSET_SYMBOL_EXTENSIONS = YES;
				CLANG_ANALYZER_NONNULL = YES;
				CLANG_ANALYZER_NUMBER_OBJECT_CONVERSION = YES_AGGRESSIVE;
				CLANG_CXX_LANGUAGE_STANDARD = "gnu++20";
				CLANG_ENABLE_MODULES = YES;
				CLANG_ENABLE_OBJC_ARC = YES;
				CLANG_ENABLE_OBJC_WEAK = YES;
				CLANG_WARN_BLOCK_CAPTURE_AUTORELEASING = YES;
				CLANG_WARN_BOOL_CONVERSION = YES;
				CLANG_WARN_COMMA = YES;
				CLANG_WARN_CONSTANT_CONVERSION = YES;
				CLANG_WARN_DEPRECATED_OBJC_IMPLEMENTATIONS = YES;
				CLANG_WARN_DIRECT_OBJC_ISA_USAGE = YES_ERROR;
				CLANG_WARN_DOCUMENTATION_COMMENTS = YES;
				CLANG_WARN_EMPTY_BODY = YES;
				CLANG_WARN_ENUM_CONVERSION = YES;
				CLANG_WARN_INFINITE_RECURSION = YES;
				CLANG_WARN_INT_CONVERSION = YES;
				CLANG_WARN_NON_LITERAL_NULL_CONVERSION = YES;
				CLANG_WARN_OBJC_IMPLICIT_RETAIN_SELF = YES;
				CLANG_WARN_OBJC_LITERAL_CONVERSION = YES;
				CLANG_WARN_OBJC_ROOT_CLASS = YES_ERROR;
				CLANG_WARN_QUOTED_INCLUDE_IN_FRAMEWORK_HEADER = YES;
				CLANG_WARN_RANGE_LOOP_ANALYSIS = YES;
				CLANG_WARN_STRICT_PROTOTYPES = YES;
				CLANG_WARN_SUSPICIOUS_MOVE = YES;
				CLANG_WARN_UNGUARDED_AVAILABILITY = YES_AGGRESSIVE;
				CLANG_WARN_UNREACHABLE_CODE = YES;
				CLANG_WARN__DUPLICATE_METHOD_MATCH = YES;
				COPY_PHASE_STRIP = NO;
				DEBUG_INFORMATION_FORMAT = dwarf;
				DEVELOPMENT_TEAM = 7B27547635;
				ENABLE_STRICT_OBJC_MSGSEND = YES;
				ENABLE_TESTABILITY = YES;
				ENABLE_USER_SCRIPT_SANDBOXING = YES;
				GCC_C_LANGUAGE_STANDARD = gnu17;
				GCC_DYNAMIC_NO_PIC = NO;
				GCC_NO_COMMON_BLOCKS = YES;
				GCC_OPTIMIZATION_LEVEL = 0;
				GCC_PREPROCESSOR_DEFINITIONS = (
					"DEBUG=1",
					"$(inherited)",
				);
				GCC_WARN_64_TO_32_BIT_CONVERSION = YES;
				GCC_WARN_ABOUT_RETURN_TYPE = YES_ERROR;
				GCC_WARN_UNDECLARED_SELECTOR = YES;
				GCC_WARN_UNINITIALIZED_AUTOS = YES_AGGRESSIVE;
				GCC_WARN_UNUSED_FUNCTION = YES;
				GCC_WARN_UNUSED_VARIABLE = YES;
				IPHONEOS_DEPLOYMENT_TARGET = 26.2;
				LOCALIZATION_PREFERS_STRING_CATALOGS = YES;
				MTL_ENABLE_DEBUG_INFO = INCLUDE_SOURCE;
				MTL_FAST_MATH = YES;
				ONLY_ACTIVE_ARCH = YES;
				SDKROOT = iphoneos;
				STRING_CATALOG_GENERATE_SYMBOLS = YES;
				SWIFT_ACTIVE_COMPILATION_CONDITIONS = "DEBUG $(inherited)";
				SWIFT_OPTIMIZATION_LEVEL = "-Onone";
			};
			name = Debug;
		};
		480D45AA2F72D3DE00E5BB27 /* Release */ = {
			isa = XCBuildConfiguration;
			buildSettings = {
				ALWAYS_SEARCH_USER_PATHS = NO;
				ASSETCATALOG_COMPILER_GENERATE_SWIFT_ASSET_SYMBOL_EXTENSIONS = YES;
				CLANG_ANALYZER_NONNULL = YES;
				CLANG_ANALYZER_NUMBER_OBJECT_CONVERSION = YES_AGGRESSIVE;
				CLANG_CXX_LANGUAGE_STANDARD = "gnu++20";
				CLANG_ENABLE_MODULES = YES;
				CLANG_ENABLE_OBJC_ARC = YES;
				CLANG_ENABLE_OBJC_WEAK = YES;
				CLANG_WARN_BLOCK_CAPTURE_AUTORELEASING = YES;
				CLANG_WARN_BOOL_CONVERSION = YES;
				CLANG_WARN_COMMA = YES;
				CLANG_WARN_CONSTANT_CONVERSION = YES;
				CLANG_WARN_DEPRECATED_OBJC_IMPLEMENTATIONS = YES;
				CLANG_WARN_DIRECT_OBJC_ISA_USAGE = YES_ERROR;
				CLANG_WARN_DOCUMENTATION_COMMENTS = YES;
				CLANG_WARN_EMPTY_BODY = YES;
				CLANG_WARN_ENUM_CONVERSION = YES;
				CLANG_WARN_INFINITE_RECURSION = YES;
				CLANG_WARN_INT_CONVERSION = YES;
				CLANG_WARN_NON_LITERAL_NULL_CONVERSION = YES;
				CLANG_WARN_OBJC_IMPLICIT_RETAIN_SELF = YES;
				CLANG_WARN_OBJC_LITERAL_CONVERSION = YES;
				CLANG_WARN_OBJC_ROOT_CLASS = YES_ERROR;
				CLANG_WARN_QUOTED_INCLUDE_IN_FRAMEWORK_HEADER = YES;
				CLANG_WARN_RANGE_LOOP_ANALYSIS = YES;
				CLANG_WARN_STRICT_PROTOTYPES = YES;
				CLANG_WARN_SUSPICIOUS_MOVE = YES;
				CLANG_WARN_UNGUARDED_AVAILABILITY = YES_AGGRESSIVE;
				CLANG_WARN_UNREACHABLE_CODE = YES;
				CLANG_WARN__DUPLICATE_METHOD_MATCH = YES;
				COPY_PHASE_STRIP = NO;
				DEBUG_INFORMATION_FORMAT = "dwarf-with-dsym";
				DEVELOPMENT_TEAM = 7B27547635;
				ENABLE_NS_ASSERTIONS = NO;
				ENABLE_STRICT_OBJC_MSGSEND = YES;
				ENABLE_USER_SCRIPT_SANDBOXING = YES;
				GCC_C_LANGUAGE_STANDARD = gnu17;
				GCC_NO_COMMON_BLOCKS = YES;
				GCC_WARN_64_TO_32_BIT_CONVERSION = YES;
				GCC_WARN_ABOUT_RETURN_TYPE = YES_ERROR;
				GCC_WARN_UNDECLARED_SELECTOR = YES;
				GCC_WARN_UNINITIALIZED_AUTOS = YES_AGGRESSIVE;
				GCC_WARN_UNUSED_FUNCTION = YES;
				GCC_WARN_UNUSED_VARIABLE = YES;
				IPHONEOS_DEPLOYMENT_TARGET = 26.2;
				LOCALIZATION_PREFERS_STRING_CATALOGS = YES;
				MTL_ENABLE_DEBUG_INFO = NO;
				MTL_FAST_MATH = YES;
				SDKROOT = iphoneos;
				STRING_CATALOG_GENERATE_SYMBOLS = YES;
				SWIFT_COMPILATION_MODE = wholemodule;
				VALIDATE_PRODUCT = YES;
			};
			name = Release;
		};
		480D45AC2F72D3DE00E5BB27 /* Debug */ = {
			isa = XCBuildConfiguration;
			buildSettings = {
				ASSETCATALOG_COMPILER_APPICON_NAME = AppIcon;
				ASSETCATALOG_COMPILER_GLOBAL_ACCENT_COLOR_NAME = AccentColor;
				CODE_SIGN_ENTITLEMENTS = UnPluq.entitlements;
				CODE_SIGN_IDENTITY = "Apple Development";
				CODE_SIGN_STYLE = Automatic;
				CURRENT_PROJECT_VERSION = 21;
				DEVELOPMENT_TEAM = 7B27547635;
				ENABLE_PREVIEWS = YES;
				ENABLE_USER_SCRIPT_SANDBOXING = NO;
				GENERATE_INFOPLIST_FILE = YES;
				INFOPLIST_FILE = "UnPluq-Info.plist";
				INFOPLIST_KEY_CFBundleDisplayName = Picksy;
				INFOPLIST_KEY_NSContactsUsageDescription = "Picksy uses your contacts to help you invite friends to join you on your digital wellbeing journey.";
				INFOPLIST_KEY_NSLocationWhenInUseUsageDescription = "Picksy uses your location to show accurate local weather as your background.";
				INFOPLIST_KEY_NSSupportsLiveActivities = YES;
				INFOPLIST_KEY_UIApplicationSceneManifest_Generation = YES;
				INFOPLIST_KEY_UIApplicationSupportsIndirectInputEvents = YES;
				INFOPLIST_KEY_UILaunchScreen_Generation = YES;
				INFOPLIST_KEY_UIRequiresFullScreen = YES;
				INFOPLIST_KEY_UISupportedInterfaceOrientations = "UIInterfaceOrientationPortrait UIInterfaceOrientationPortraitUpsideDown";
				INFOPLIST_KEY_UISupportedInterfaceOrientations_iPad = "UIInterfaceOrientationPortrait UIInterfaceOrientationPortraitUpsideDown UIInterfaceOrientationLandscapeLeft UIInterfaceOrientationLandscapeRight";
				LD_RUNPATH_SEARCH_PATHS = (
					"$(inherited)",
					"@executable_path/Frameworks",
				);
				MARKETING_VERSION = 2.0;
				PRODUCT_BUNDLE_IDENTIFIER = fotiospongas.dev.UnPluq;
				PRODUCT_NAME = "$(TARGET_NAME)";
				PROVISIONING_PROFILE_SPECIFIER = "";
				STRING_CATALOG_GENERATE_SYMBOLS = YES;
				SUPPORTED_PLATFORMS = "iphoneos iphonesimulator";
				SUPPORTS_MACCATALYST = NO;
				SUPPORTS_MAC_DESIGNED_FOR_IPHONE_IPAD = NO;
				SUPPORTS_XR_DESIGNED_FOR_IPHONE_IPAD = NO;
				SWIFT_APPROACHABLE_CONCURRENCY = YES;
				SWIFT_DEFAULT_ACTOR_ISOLATION = MainActor;
				SWIFT_EMIT_LOC_STRINGS = YES;
				SWIFT_UPCOMING_FEATURE_MEMBER_IMPORT_VISIBILITY = YES;
				SWIFT_VERSION = 5.0;
				TARGETED_DEVICE_FAMILY = "1,2";
			};
			name = Debug;
		};
		480D45AD2F72D3DE00E5BB27 /* Release */ = {
			isa = XCBuildConfiguration;
			buildSettings = {
				ASSETCATALOG_COMPILER_APPICON_NAME = AppIcon;
				ASSETCATALOG_COMPILER_GLOBAL_ACCENT_COLOR_NAME = AccentColor;
				CODE_SIGN_ENTITLEMENTS = UnPluq.entitlements;
				CODE_SIGN_IDENTITY = "Apple Development";
				CODE_SIGN_STYLE = Automatic;
				CURRENT_PROJECT_VERSION = 21;
				DEVELOPMENT_TEAM = 7B27547635;
				ENABLE_PREVIEWS = YES;
				ENABLE_USER_SCRIPT_SANDBOXING = NO;
				GENERATE_INFOPLIST_FILE = YES;
				INFOPLIST_FILE = "UnPluq-Info.plist";
				INFOPLIST_KEY_CFBundleDisplayName = Picksy;
				INFOPLIST_KEY_NSContactsUsageDescription = "Picksy uses your contacts to help you invite friends to join you on your digital wellbeing journey.";
				INFOPLIST_KEY_NSLocationWhenInUseUsageDescription = "Picksy uses your location to show accurate local weather as your background.";
				INFOPLIST_KEY_NSSupportsLiveActivities = YES;
				INFOPLIST_KEY_UIApplicationSceneManifest_Generation = YES;
				INFOPLIST_KEY_UIApplicationSupportsIndirectInputEvents = YES;
				INFOPLIST_KEY_UILaunchScreen_Generation = YES;
				INFOPLIST_KEY_UIRequiresFullScreen = YES;
				INFOPLIST_KEY_UISupportedInterfaceOrientations = "UIInterfaceOrientationPortrait UIInterfaceOrientationPortraitUpsideDown";
				INFOPLIST_KEY_UISupportedInterfaceOrientations_iPad = "UIInterfaceOrientationPortrait UIInterfaceOrientationPortraitUpsideDown UIInterfaceOrientationLandscapeLeft UIInterfaceOrientationLandscapeRight";
				LD_RUNPATH_SEARCH_PATHS = (
					"$(inherited)",
					"@executable_path/Frameworks",
				);
				MARKETING_VERSION = 2.0;
				PRODUCT_BUNDLE_IDENTIFIER = fotiospongas.dev.UnPluq;
				PRODUCT_NAME = "$(TARGET_NAME)";
				PROVISIONING_PROFILE_SPECIFIER = "";
				STRING_CATALOG_GENERATE_SYMBOLS = YES;
				SUPPORTED_PLATFORMS = "iphoneos iphonesimulator";
				SUPPORTS_MACCATALYST = NO;
				SUPPORTS_MAC_DESIGNED_FOR_IPHONE_IPAD = NO;
				SUPPORTS_XR_DESIGNED_FOR_IPHONE_IPAD = NO;
				SWIFT_APPROACHABLE_CONCURRENCY = YES;
				SWIFT_DEFAULT_ACTOR_ISOLATION = MainActor;
				SWIFT_EMIT_LOC_STRINGS = YES;
				SWIFT_UPCOMING_FEATURE_MEMBER_IMPORT_VISIBILITY = YES;
				SWIFT_VERSION = 5.0;
				TARGETED_DEVICE_FAMILY = "1,2";
			};
			name = Release;
		};
		480D45DD2F7318F600E5BB27 /* Debug */ = {
			isa = XCBuildConfiguration;
			buildSettings = {
				ASSETCATALOG_COMPILER_GLOBAL_ACCENT_COLOR_NAME = AccentColor;
				ASSETCATALOG_COMPILER_WIDGET_BACKGROUND_COLOR_NAME = WidgetBackground;
				CODE_SIGN_STYLE = Automatic;
				CURRENT_PROJECT_VERSION = 21;
				GENERATE_INFOPLIST_FILE = YES;
				INFOPLIST_FILE = LiftOffLive/Info.plist;
				INFOPLIST_KEY_CFBundleDisplayName = UnPluqLive;
				INFOPLIST_KEY_NSHumanReadableCopyright = "";
				LD_RUNPATH_SEARCH_PATHS = (
					"$(inherited)",
					"@executable_path/Frameworks",
					"@executable_path/../../Frameworks",
				);
				MARKETING_VERSION = 2.0;
				PRODUCT_BUNDLE_IDENTIFIER = fotiospongas.dev.UnPluq.UnPluqLive;
				PRODUCT_NAME = "$(TARGET_NAME)";
				SKIP_INSTALL = YES;
				STRING_CATALOG_GENERATE_SYMBOLS = YES;
				SUPPORTED_PLATFORMS = "iphoneos iphonesimulator";
				SUPPORTS_MACCATALYST = NO;
				SUPPORTS_MAC_DESIGNED_FOR_IPHONE_IPAD = NO;
				SUPPORTS_XR_DESIGNED_FOR_IPHONE_IPAD = NO;
				SWIFT_APPROACHABLE_CONCURRENCY = YES;
				SWIFT_EMIT_LOC_STRINGS = YES;
				SWIFT_UPCOMING_FEATURE_MEMBER_IMPORT_VISIBILITY = YES;
				SWIFT_VERSION = 5.0;
				TARGETED_DEVICE_FAMILY = "1,2";
			};
			name = Debug;
		};
		480D45DE2F7318F600E5BB27 /* Release */ = {
			isa = XCBuildConfiguration;
			buildSettings = {
				ASSETCATALOG_COMPILER_GLOBAL_ACCENT_COLOR_NAME = AccentColor;
				ASSETCATALOG_COMPILER_WIDGET_BACKGROUND_COLOR_NAME = WidgetBackground;
				CODE_SIGN_STYLE = Automatic;
				CURRENT_PROJECT_VERSION = 21;
				GENERATE_INFOPLIST_FILE = YES;
				INFOPLIST_FILE = LiftOffLive/Info.plist;
				INFOPLIST_KEY_CFBundleDisplayName = UnPluqLive;
				INFOPLIST_KEY_NSHumanReadableCopyright = "";
				LD_RUNPATH_SEARCH_PATHS = (
					"$(inherited)",
					"@executable_path/Frameworks",
					"@executable_path/../../Frameworks",
				);
				MARKETING_VERSION = 2.0;
				PRODUCT_BUNDLE_IDENTIFIER = fotiospongas.dev.UnPluq.UnPluqLive;
				PRODUCT_NAME = "$(TARGET_NAME)";
				SKIP_INSTALL = YES;
				STRING_CATALOG_GENERATE_SYMBOLS = YES;
				SUPPORTED_PLATFORMS = "iphoneos iphonesimulator";
				SUPPORTS_MACCATALYST = NO;
				SUPPORTS_MAC_DESIGNED_FOR_IPHONE_IPAD = NO;
				SUPPORTS_XR_DESIGNED_FOR_IPHONE_IPAD = NO;
				SWIFT_APPROACHABLE_CONCURRENCY = YES;
				SWIFT_EMIT_LOC_STRINGS = YES;
				SWIFT_UPCOMING_FEATURE_MEMBER_IMPORT_VISIBILITY = YES;
				SWIFT_VERSION = 5.0;
				TARGETED_DEVICE_FAMILY = "1,2";
			};
			name = Release;
		};
		4815EB202FD0C1C7006BBA38 /* Debug */ = {
			isa = XCBuildConfiguration;
			buildSettings = {
				ASSETCATALOG_COMPILER_APPICON_NAME = AppIcon;
				ASSETCATALOG_COMPILER_GLOBAL_ACCENT_COLOR_NAME = AccentColor;
				CODE_SIGN_STYLE = Automatic;
				CURRENT_PROJECT_VERSION = 21;
				DEVELOPMENT_TEAM = 7B27547635;
				ENABLE_PREVIEWS = YES;
				GENERATE_INFOPLIST_FILE = YES;
				INFOPLIST_KEY_CFBundleDisplayName = "Picksy Watch";
				INFOPLIST_KEY_NSMotionUsageDescription = "Picksy uses motion to reward you for walking and moving instead of using your phone.";
				INFOPLIST_KEY_UISupportedInterfaceOrientations = "UIInterfaceOrientationPortrait UIInterfaceOrientationPortraitUpsideDown";
				INFOPLIST_KEY_WKCompanionAppBundleIdentifier = fotiospongas.dev.UnPluq;
				INFOPLIST_KEY_WKWatchOnly = NO;
				LD_RUNPATH_SEARCH_PATHS = (
					"$(inherited)",
					"@executable_path/Frameworks",
				);
				MARKETING_VERSION = 2.0;
				PRODUCT_BUNDLE_IDENTIFIER = fotiospongas.dev.UnPluq.watchkitapp;
				PRODUCT_NAME = "$(TARGET_NAME)";
				SDKROOT = watchos;
				SKIP_INSTALL = YES;
				STRING_CATALOG_GENERATE_SYMBOLS = YES;
				SWIFT_APPROACHABLE_CONCURRENCY = YES;
				SWIFT_DEFAULT_ACTOR_ISOLATION = MainActor;
				SWIFT_EMIT_LOC_STRINGS = YES;
				SWIFT_UPCOMING_FEATURE_MEMBER_IMPORT_VISIBILITY = YES;
				SWIFT_VERSION = 5.0;
				TARGETED_DEVICE_FAMILY = 4;
				WATCHOS_DEPLOYMENT_TARGET = 10.0;
			};
			name = Debug;
		};
		4815EB212FD0C1C7006BBA38 /* Release */ = {
			isa = XCBuildConfiguration;
			buildSettings = {
				ASSETCATALOG_COMPILER_APPICON_NAME = AppIcon;
				ASSETCATALOG_COMPILER_GLOBAL_ACCENT_COLOR_NAME = AccentColor;
				CODE_SIGN_STYLE = Automatic;
				CURRENT_PROJECT_VERSION = 21;
				DEVELOPMENT_TEAM = 7B27547635;
				ENABLE_PREVIEWS = YES;
				GENERATE_INFOPLIST_FILE = YES;
				INFOPLIST_KEY_CFBundleDisplayName = "Picksy Watch";
				INFOPLIST_KEY_NSMotionUsageDescription = "Picksy uses motion to reward you for walking and moving instead of using your phone.";
				INFOPLIST_KEY_UISupportedInterfaceOrientations = "UIInterfaceOrientationPortrait UIInterfaceOrientationPortraitUpsideDown";
				INFOPLIST_KEY_WKCompanionAppBundleIdentifier = fotiospongas.dev.UnPluq;
				INFOPLIST_KEY_WKWatchOnly = NO;
				LD_RUNPATH_SEARCH_PATHS = (
					"$(inherited)",
					"@executable_path/Frameworks",
				);
				MARKETING_VERSION = 2.0;
				PRODUCT_BUNDLE_IDENTIFIER = fotiospongas.dev.UnPluq.watchkitapp;
				PRODUCT_NAME = "$(TARGET_NAME)";
				SDKROOT = watchos;
				SKIP_INSTALL = YES;
				STRING_CATALOG_GENERATE_SYMBOLS = YES;
				SWIFT_APPROACHABLE_CONCURRENCY = YES;
				SWIFT_DEFAULT_ACTOR_ISOLATION = MainActor;
				SWIFT_EMIT_LOC_STRINGS = YES;
				SWIFT_UPCOMING_FEATURE_MEMBER_IMPORT_VISIBILITY = YES;
				SWIFT_VERSION = 5.0;
				TARGETED_DEVICE_FAMILY = 4;
				WATCHOS_DEPLOYMENT_TARGET = 10.0;
			};
			name = Release;
		};
		48625D562F8823190009DDB3 /* Debug */ = {
			isa = XCBuildConfiguration;
			buildSettings = {
				ASSETCATALOG_COMPILER_GLOBAL_ACCENT_COLOR_NAME = AccentColor;
				ASSETCATALOG_COMPILER_WIDGET_BACKGROUND_COLOR_NAME = WidgetBackground;
				CODE_SIGN_ENTITLEMENTS = PicksyWidgetExtension.entitlements;
				CODE_SIGN_STYLE = Automatic;
				CURRENT_PROJECT_VERSION = 21;
				GENERATE_INFOPLIST_FILE = YES;
				INFOPLIST_FILE = PicksyWidget/Info.plist;
				INFOPLIST_KEY_CFBundleDisplayName = PicksyWidget;
				INFOPLIST_KEY_NSHumanReadableCopyright = "";
				IPHONEOS_DEPLOYMENT_TARGET = 26.4;
				LD_RUNPATH_SEARCH_PATHS = (
					"$(inherited)",
					"@executable_path/Frameworks",
					"@executable_path/../../Frameworks",
				);
				MARKETING_VERSION = 2.0;
				PRODUCT_BUNDLE_IDENTIFIER = fotiospongas.dev.UnPluq.PicksyWidget;
				PRODUCT_NAME = "$(TARGET_NAME)";
				SKIP_INSTALL = YES;
				STRING_CATALOG_GENERATE_SYMBOLS = YES;
				SWIFT_APPROACHABLE_CONCURRENCY = YES;
				SWIFT_EMIT_LOC_STRINGS = YES;
				SWIFT_UPCOMING_FEATURE_MEMBER_IMPORT_VISIBILITY = YES;
				SWIFT_VERSION = 5.0;
				TARGETED_DEVICE_FAMILY = "1,2";
			};
			name = Debug;
		};
		48625D572F8823190009DDB3 /* Release */ = {
			isa = XCBuildConfiguration;
			buildSettings = {
				ASSETCATALOG_COMPILER_GLOBAL_ACCENT_COLOR_NAME = AccentColor;
				ASSETCATALOG_COMPILER_WIDGET_BACKGROUND_COLOR_NAME = WidgetBackground;
				CODE_SIGN_ENTITLEMENTS = PicksyWidgetExtension.entitlements;
				CODE_SIGN_STYLE = Automatic;
				CURRENT_PROJECT_VERSION = 21;
				GENERATE_INFOPLIST_FILE = YES;
				INFOPLIST_FILE = PicksyWidget/Info.plist;
				INFOPLIST_KEY_CFBundleDisplayName = PicksyWidget;
				INFOPLIST_KEY_NSHumanReadableCopyright = "";
				IPHONEOS_DEPLOYMENT_TARGET = 26.4;
				LD_RUNPATH_SEARCH_PATHS = (
					"$(inherited)",
					"@executable_path/Frameworks",
					"@executable_path/../../Frameworks",
				);
				MARKETING_VERSION = 2.0;
				PRODUCT_BUNDLE_IDENTIFIER = fotiospongas.dev.UnPluq.PicksyWidget;
				PRODUCT_NAME = "$(TARGET_NAME)";
				SKIP_INSTALL = YES;
				STRING_CATALOG_GENERATE_SYMBOLS = YES;
				SWIFT_APPROACHABLE_CONCURRENCY = YES;
				SWIFT_EMIT_LOC_STRINGS = YES;
				SWIFT_UPCOMING_FEATURE_MEMBER_IMPORT_VISIBILITY = YES;
				SWIFT_VERSION = 5.0;
				TARGETED_DEVICE_FAMILY = "1,2";
			};
			name = Release;
		};
		48A870952F9E3A0300D08642 /* Debug */ = {
			isa = XCBuildConfiguration;
			buildSettings = {
				CODE_SIGN_ENTITLEMENTS = PicksyDeviceReport/PicksyDeviceReport.entitlements;
				CODE_SIGN_STYLE = Automatic;
				CURRENT_PROJECT_VERSION = 21;
				GENERATE_INFOPLIST_FILE = YES;
				INFOPLIST_FILE = PicksyDeviceReport/Info.plist;
				INFOPLIST_KEY_CFBundleDisplayName = PicksyDeviceReport;
				INFOPLIST_KEY_NSHumanReadableCopyright = "";
				IPHONEOS_DEPLOYMENT_TARGET = 26.4;
				LD_RUNPATH_SEARCH_PATHS = (
					"$(inherited)",
					"@executable_path/Frameworks",
					"@executable_path/../../Frameworks",
				);
				MARKETING_VERSION = 2.0;
				PRODUCT_BUNDLE_IDENTIFIER = fotiospongas.dev.UnPluq.PicksyDeviceReport;
				PRODUCT_NAME = "$(TARGET_NAME)";
				SKIP_INSTALL = YES;
				STRING_CATALOG_GENERATE_SYMBOLS = YES;
				SWIFT_APPROACHABLE_CONCURRENCY = YES;
				SWIFT_EMIT_LOC_STRINGS = YES;
				SWIFT_UPCOMING_FEATURE_MEMBER_IMPORT_VISIBILITY = YES;
				SWIFT_VERSION = 5.0;
				TARGETED_DEVICE_FAMILY = "1,2";
			};
			name = Debug;
		};
		48A870962F9E3A0300D08642 /* Release */ = {
			isa = XCBuildConfiguration;
			buildSettings = {
				CODE_SIGN_ENTITLEMENTS = PicksyDeviceReport/PicksyDeviceReport.entitlements;
				CODE_SIGN_STYLE = Automatic;
				CURRENT_PROJECT_VERSION = 21;
				GENERATE_INFOPLIST_FILE = YES;
				INFOPLIST_FILE = PicksyDeviceReport/Info.plist;
				INFOPLIST_KEY_CFBundleDisplayName = PicksyDeviceReport;
				INFOPLIST_KEY_NSHumanReadableCopyright = "";
				IPHONEOS_DEPLOYMENT_TARGET = 26.4;
				LD_RUNPATH_SEARCH_PATHS = (
					"$(inherited)",
					"@executable_path/Frameworks",
					"@executable_path/../../Frameworks",
				);
				MARKETING_VERSION = 2.0;
				PRODUCT_BUNDLE_IDENTIFIER = fotiospongas.dev.UnPluq.PicksyDeviceReport;
				PRODUCT_NAME = "$(TARGET_NAME)";
				SKIP_INSTALL = YES;
				STRING_CATALOG_GENERATE_SYMBOLS = YES;
				SWIFT_APPROACHABLE_CONCURRENCY = YES;
				SWIFT_EMIT_LOC_STRINGS = YES;
				SWIFT_UPCOMING_FEATURE_MEMBER_IMPORT_VISIBILITY = YES;
				SWIFT_VERSION = 5.0;
				TARGETED_DEVICE_FAMILY = "1,2";
			};
			name = Release;
		};
		48FEF6332F9ED00800B263E2 /* Debug */ = {
			isa = XCBuildConfiguration;
			buildSettings = {
				CODE_SIGN_ENTITLEMENTS = DeviceActivityMonitor/DeviceActivityMonitor.entitlements;
				CODE_SIGN_STYLE = Automatic;
				CURRENT_PROJECT_VERSION = 21;
				GENERATE_INFOPLIST_FILE = YES;
				INFOPLIST_FILE = DeviceActivityMonitor/Info.plist;
				INFOPLIST_KEY_CFBundleDisplayName = DeviceActivityMonitor;
				INFOPLIST_KEY_NSHumanReadableCopyright = "";
				IPHONEOS_DEPLOYMENT_TARGET = 26.4;
				LD_RUNPATH_SEARCH_PATHS = (
					"$(inherited)",
					"@executable_path/Frameworks",
					"@executable_path/../../Frameworks",
				);
				MARKETING_VERSION = 2.0;
				PRODUCT_BUNDLE_IDENTIFIER = fotiospongas.dev.UnPluq.DeviceActivityMonitor;
				PRODUCT_NAME = "$(TARGET_NAME)";
				SKIP_INSTALL = YES;
				STRING_CATALOG_GENERATE_SYMBOLS = YES;
				SWIFT_APPROACHABLE_CONCURRENCY = YES;
				SWIFT_EMIT_LOC_STRINGS = YES;
				SWIFT_UPCOMING_FEATURE_MEMBER_IMPORT_VISIBILITY = YES;
				SWIFT_VERSION = 5.0;
				TARGETED_DEVICE_FAMILY = "1,2";
			};
			name = Debug;
		};
		48FEF6342F9ED00800B263E2 /* Release */ = {
			isa = XCBuildConfiguration;
			buildSettings = {
				CODE_SIGN_ENTITLEMENTS = DeviceActivityMonitor/DeviceActivityMonitor.entitlements;
				CODE_SIGN_STYLE = Automatic;
				CURRENT_PROJECT_VERSION = 21;
				GENERATE_INFOPLIST_FILE = YES;
				INFOPLIST_FILE = DeviceActivityMonitor/Info.plist;
				INFOPLIST_KEY_CFBundleDisplayName = DeviceActivityMonitor;
				INFOPLIST_KEY_NSHumanReadableCopyright = "";
				IPHONEOS_DEPLOYMENT_TARGET = 26.4;
				LD_RUNPATH_SEARCH_PATHS = (
					"$(inherited)",
					"@executable_path/Frameworks",
					"@executable_path/../../Frameworks",
				);
				MARKETING_VERSION = 2.0;
				PRODUCT_BUNDLE_IDENTIFIER = fotiospongas.dev.UnPluq.DeviceActivityMonitor;
				PRODUCT_NAME = "$(TARGET_NAME)";
				SKIP_INSTALL = YES;
				STRING_CATALOG_GENERATE_SYMBOLS = YES;
				SWIFT_APPROACHABLE_CONCURRENCY = YES;
				SWIFT_EMIT_LOC_STRINGS = YES;
				SWIFT_UPCOMING_FEATURE_MEMBER_IMPORT_VISIBILITY = YES;
				SWIFT_VERSION = 5.0;
				TARGETED_DEVICE_FAMILY = "1,2";
			};
			name = Release;
		};
		58BDA6C7C59A528F9D82E411 /* Debug */ = {
			isa = XCBuildConfiguration;
			buildSettings = {
				CODE_SIGN_ENTITLEMENTS = ShieldConfiguration/ShieldConfiguration.entitlements;
				CODE_SIGN_STYLE = Automatic;
				CURRENT_PROJECT_VERSION = 21;
				GENERATE_INFOPLIST_FILE = YES;
				INFOPLIST_FILE = ShieldConfiguration/Info.plist;
				INFOPLIST_KEY_CFBundleDisplayName = DeviceActivityMonitor;
				INFOPLIST_KEY_NSHumanReadableCopyright = "";
				IPHONEOS_DEPLOYMENT_TARGET = 26.4;
				LD_RUNPATH_SEARCH_PATHS = (
					"$(inherited)",
					"@executable_path/Frameworks",
					"@executable_path/../../Frameworks",
				);
				MARKETING_VERSION = 2.0;
				PRODUCT_BUNDLE_IDENTIFIER = fotiospongas.dev.UnPluq.ShieldConfig;
				PRODUCT_NAME = "$(TARGET_NAME)";
				SKIP_INSTALL = YES;
				STRING_CATALOG_GENERATE_SYMBOLS = YES;
				SWIFT_APPROACHABLE_CONCURRENCY = YES;
				SWIFT_EMIT_LOC_STRINGS = YES;
				SWIFT_UPCOMING_FEATURE_MEMBER_IMPORT_VISIBILITY = YES;
				SWIFT_VERSION = 5.0;
				TARGETED_DEVICE_FAMILY = "1,2";
			};
			name = Debug;
		};
		C2960B6B9D6901FBA73694E5 /* Debug */ = {
			isa = XCBuildConfiguration;
			buildSettings = {
				CODE_SIGN_ENTITLEMENTS = ShieldAction/ShieldAction.entitlements;
				CODE_SIGN_STYLE = Automatic;
				CURRENT_PROJECT_VERSION = 21;
				GENERATE_INFOPLIST_FILE = YES;
				INFOPLIST_FILE = ShieldAction/Info.plist;
				INFOPLIST_KEY_CFBundleDisplayName = DeviceActivityMonitor;
				INFOPLIST_KEY_NSHumanReadableCopyright = "";
				IPHONEOS_DEPLOYMENT_TARGET = 26.4;
				LD_RUNPATH_SEARCH_PATHS = (
					"$(inherited)",
					"@executable_path/Frameworks",
					"@executable_path/../../Frameworks",
				);
				MARKETING_VERSION = 2.0;
				PRODUCT_BUNDLE_IDENTIFIER = fotiospongas.dev.UnPluq.ShieldAction;
				PRODUCT_NAME = "$(TARGET_NAME)";
				SKIP_INSTALL = YES;
				STRING_CATALOG_GENERATE_SYMBOLS = YES;
				SWIFT_APPROACHABLE_CONCURRENCY = YES;
				SWIFT_EMIT_LOC_STRINGS = YES;
				SWIFT_UPCOMING_FEATURE_MEMBER_IMPORT_VISIBILITY = YES;
				SWIFT_VERSION = 5.0;
				TARGETED_DEVICE_FAMILY = "1,2";
			};
			name = Debug;
		};
		E4D6118F09DDA845DFFEF4EC /* Release */ = {
			isa = XCBuildConfiguration;
			buildSettings = {
				CODE_SIGN_ENTITLEMENTS = ShieldConfiguration/ShieldConfiguration.entitlements;
				CODE_SIGN_STYLE = Automatic;
				CURRENT_PROJECT_VERSION = 21;
				GENERATE_INFOPLIST_FILE = YES;
				INFOPLIST_FILE = ShieldConfiguration/Info.plist;
				INFOPLIST_KEY_CFBundleDisplayName = DeviceActivityMonitor;
				INFOPLIST_KEY_NSHumanReadableCopyright = "";
				IPHONEOS_DEPLOYMENT_TARGET = 26.4;
				LD_RUNPATH_SEARCH_PATHS = (
					"$(inherited)",
					"@executable_path/Frameworks",
					"@executable_path/../../Frameworks",
				);
				MARKETING_VERSION = 2.0;
				PRODUCT_BUNDLE_IDENTIFIER = fotiospongas.dev.UnPluq.ShieldConfig;
				PRODUCT_NAME = "$(TARGET_NAME)";
				SKIP_INSTALL = YES;
				STRING_CATALOG_GENERATE_SYMBOLS = YES;
				SWIFT_APPROACHABLE_CONCURRENCY = YES;
				SWIFT_EMIT_LOC_STRINGS = YES;
				SWIFT_UPCOMING_FEATURE_MEMBER_IMPORT_VISIBILITY = YES;
				SWIFT_VERSION = 5.0;
				TARGETED_DEVICE_FAMILY = "1,2";
			};
			name = Release;
		};
/* End XCBuildConfiguration section */

/* Begin XCConfigurationList section */
		480D459B2F72D3DD00E5BB27 /* Build configuration list for PBXProject "LiftOff" */ = {
			isa = XCConfigurationList;
			buildConfigurations = (
				480D45A92F72D3DE00E5BB27 /* Debug */,
				480D45AA2F72D3DE00E5BB27 /* Release */,
			);
			defaultConfigurationIsVisible = 0;
			defaultConfigurationName = Release;
		};
		480D45AB2F72D3DE00E5BB27 /* Build configuration list for PBXNativeTarget "UnPluq" */ = {
			isa = XCConfigurationList;
			buildConfigurations = (
				480D45AC2F72D3DE00E5BB27 /* Debug */,
				480D45AD2F72D3DE00E5BB27 /* Release */,
			);
			defaultConfigurationIsVisible = 0;
			defaultConfigurationName = Release;
		};
		480D45DC2F7318F600E5BB27 /* Build configuration list for PBXNativeTarget "UnPluqLiveExtension" */ = {
			isa = XCConfigurationList;
			buildConfigurations = (
				480D45DD2F7318F600E5BB27 /* Debug */,
				480D45DE2F7318F600E5BB27 /* Release */,
			);
			defaultConfigurationIsVisible = 0;
			defaultConfigurationName = Release;
		};
		4815EB222FD0C1C7006BBA38 /* Build configuration list for PBXNativeTarget "Picksy Watch Watch App" */ = {
			isa = XCConfigurationList;
			buildConfigurations = (
				4815EB202FD0C1C7006BBA38 /* Debug */,
				4815EB212FD0C1C7006BBA38 /* Release */,
			);
			defaultConfigurationIsVisible = 0;
			defaultConfigurationName = Release;
		};
		48625D552F8823190009DDB3 /* Build configuration list for PBXNativeTarget "PicksyWidgetExtension" */ = {
			isa = XCConfigurationList;
			buildConfigurations = (
				48625D562F8823190009DDB3 /* Debug */,
				48625D572F8823190009DDB3 /* Release */,
			);
			defaultConfigurationIsVisible = 0;
			defaultConfigurationName = Release;
		};
		48A870942F9E3A0300D08642 /* Build configuration list for PBXNativeTarget "PicksyDeviceReport" */ = {
			isa = XCConfigurationList;
			buildConfigurations = (
				48A870952F9E3A0300D08642 /* Debug */,
				48A870962F9E3A0300D08642 /* Release */,
			);
			defaultConfigurationIsVisible = 0;
			defaultConfigurationName = Release;
		};
		48FEF6362F9ED00800B263E2 /* Build configuration list for PBXNativeTarget "DeviceActivityMonitor" */ = {
			isa = XCConfigurationList;
			buildConfigurations = (
				48FEF6332F9ED00800B263E2 /* Debug */,
				48FEF6342F9ED00800B263E2 /* Release */,
			);
			defaultConfigurationIsVisible = 0;
			defaultConfigurationName = Release;
		};
		9CB39D7DEF7545A60F4AB0AF /* Build configuration list for PBXNativeTarget "PicksyShieldAction" */ = {
			isa = XCConfigurationList;
			buildConfigurations = (
				47C9E8988622BAFFBBF23AFD /* Release */,
				C2960B6B9D6901FBA73694E5 /* Debug */,
			);
			defaultConfigurationIsVisible = 0;
			defaultConfigurationName = Release;
		};
		F4FF88787C8807D464A0F04F /* Build configuration list for PBXNativeTarget "PicksyShieldConfig" */ = {
			isa = XCConfigurationList;
			buildConfigurations = (
				E4D6118F09DDA845DFFEF4EC /* Release */,
				58BDA6C7C59A528F9D82E411 /* Debug */,
			);
			defaultConfigurationIsVisible = 0;
			defaultConfigurationName = Release;
		};
/* End XCConfigurationList section */

/* Begin XCRemoteSwiftPackageReference section */
		486A3AFC2F9CE5CD007DA1F9 /* XCRemoteSwiftPackageReference "lottie-ios" */ = {
			isa = XCRemoteSwiftPackageReference;
			repositoryURL = "https://github.com/airbnb/lottie-ios.git";
			requirement = {
				kind = upToNextMajorVersion;
				minimumVersion = 4.6.0;
			};
		};
/* End XCRemoteSwiftPackageReference section */

/* Begin XCSwiftPackageProductDependency section */
		486A3B002F9CE847007DA1F9 /* Lottie */ = {
			isa = XCSwiftPackageProductDependency;
			package = 486A3AFC2F9CE5CD007DA1F9 /* XCRemoteSwiftPackageReference "lottie-ios" */;
			productName = Lottie;
		};
		48A870502F9D629800D08642 /* Lottie */ = {
			isa = XCSwiftPackageProductDependency;
			package = 486A3AFC2F9CE5CD007DA1F9 /* XCRemoteSwiftPackageReference "lottie-ios" */;
			productName = Lottie;
		};
/* End XCSwiftPackageProductDependency section */
	};
	rootObject = 480D45982F72D3DD00E5BB27 /* Project object */;
}
